// !$*UTF8*$!
{
	archiveVersion = 1;
	classes = {
	};
	objectVersion = 46;
	objects = {

/* Begin PBXBuildFile section */
		862CA1311E89059400845889 /* DummyTests.swift in Sources */ = {isa = PBXBuildFile; fileRef = 862CA1301E89059400845889 /* DummyTests.swift */; };
		F6A5C30F1E850D9A001F6CD6 /* AppDelegate.swift in Sources */ = {isa = PBXBuildFile; fileRef = F6A5C30E1E850D9A001F6CD6 /* AppDelegate.swift */; };
		F6A5C3111E850D9A001F6CD6 /* ViewController.swift in Sources */ = {isa = PBXBuildFile; fileRef = F6A5C3101E850D9A001F6CD6 /* ViewController.swift */; };
		F6A5C3141E850D9A001F6CD6 /* Main.storyboard in Resources */ = {isa = PBXBuildFile; fileRef = F6A5C3121E850D9A001F6CD6 /* Main.storyboard */; };
		F6A5C3161E850D9A001F6CD6 /* Assets.xcassets in Resources */ = {isa = PBXBuildFile; fileRef = F6A5C3151E850D9A001F6CD6 /* Assets.xcassets */; };
		F6A5C3191E850D9A001F6CD6 /* LaunchScreen.storyboard in Resources */ = {isa = PBXBuildFile; fileRef = F6A5C3171E850D9A001F6CD6 /* LaunchScreen.storyboard */; };
/* End PBXBuildFile section */

/* Begin PBXContainerItemProxy section */
		862CA1331E89059400845889 /* PBXContainerItemProxy */ = {
			isa = PBXContainerItemProxy;
			containerPortal = F6A5C3031E850D9A001F6CD6 /* Project object */;
			proxyType = 1;
			remoteGlobalIDString = F6A5C30A1E850D9A001F6CD6;
			remoteInfo = Dummy;
		};
		862CA1411E8905F700845889 /* PBXContainerItemProxy */ = {
			isa = PBXContainerItemProxy;
			containerPortal = F6A5C3031E850D9A001F6CD6 /* Project object */;
			proxyType = 1;
			remoteGlobalIDString = F6A5C30A1E850D9A001F6CD6;
			remoteInfo = Dummy;
		};
/* End PBXContainerItemProxy section */

/* Begin PBXFileReference section */
		862CA12E1E89059400845889 /* DummyTests.xctest */ = {isa = PBXFileReference; explicitFileType = wrapper.cfbundle; includeInIndex = 0; path = DummyTests.xctest; sourceTree = BUILT_PRODUCTS_DIR; };
		862CA1301E89059400845889 /* DummyTests.swift */ = {isa = PBXFileReference; lastKnownFileType = sourcecode.swift; path = DummyTests.swift; sourceTree = "<group>"; };
		862CA1321E89059400845889 /* Info.plist */ = {isa = PBXFileReference; lastKnownFileType = text.plist.xml; path = Info.plist; sourceTree = "<group>"; };
		862CA13C1E8905F700845889 /* DummyUITests.xctest */ = {isa = PBXFileReference; explicitFileType = wrapper.cfbundle; includeInIndex = 0; path = DummyUITests.xctest; sourceTree = BUILT_PRODUCTS_DIR; };
		F6A5C30B1E850D9A001F6CD6 /* Dummy.app */ = {isa = PBXFileReference; explicitFileType = wrapper.application; includeInIndex = 0; path = Dummy.app; sourceTree = BUILT_PRODUCTS_DIR; };
		F6A5C30E1E850D9A001F6CD6 /* AppDelegate.swift */ = {isa = PBXFileReference; lastKnownFileType = sourcecode.swift; path = AppDelegate.swift; sourceTree = "<group>"; };
		F6A5C3101E850D9A001F6CD6 /* ViewController.swift */ = {isa = PBXFileReference; lastKnownFileType = sourcecode.swift; path = ViewController.swift; sourceTree = "<group>"; };
		F6A5C3131E850D9A001F6CD6 /* Base */ = {isa = PBXFileReference; lastKnownFileType = file.storyboard; name = Base; path = Base.lproj/Main.storyboard; sourceTree = "<group>"; };
		F6A5C3151E850D9A001F6CD6 /* Assets.xcassets */ = {isa = PBXFileReference; lastKnownFileType = folder.assetcatalog; path = Assets.xcassets; sourceTree = "<group>"; };
		F6A5C3181E850D9A001F6CD6 /* Base */ = {isa = PBXFileReference; lastKnownFileType = file.storyboard; name = Base; path = Base.lproj/LaunchScreen.storyboard; sourceTree = "<group>"; };
		F6A5C31A1E850D9A001F6CD6 /* Info.plist */ = {isa = PBXFileReference; lastKnownFileType = text.plist.xml; path = Info.plist; sourceTree = "<group>"; };
/* End PBXFileReference section */

/* Begin PBXFrameworksBuildPhase section */
		862CA12B1E89059400845889 /* Frameworks */ = {
			isa = PBXFrameworksBuildPhase;
			buildActionMask = 2147483647;
			files = (
			);
			runOnlyForDeploymentPostprocessing = 0;
		};
		862CA1391E8905F700845889 /* Frameworks */ = {
			isa = PBXFrameworksBuildPhase;
			buildActionMask = 2147483647;
			files = (
			);
			runOnlyForDeploymentPostprocessing = 0;
		};
		F6A5C3081E850D9A001F6CD6 /* Frameworks */ = {
			isa = PBXFrameworksBuildPhase;
			buildActionMask = 2147483647;
			files = (
			);
			runOnlyForDeploymentPostprocessing = 0;
		};
/* End PBXFrameworksBuildPhase section */

/* Begin PBXGroup section */
		862CA12F1E89059400845889 /* DummyTests */ = {
			isa = PBXGroup;
			children = (
				862CA1301E89059400845889 /* DummyTests.swift */,
				862CA1321E89059400845889 /* Info.plist */,
			);
			path = DummyTests;
			sourceTree = "<group>";
		};
		F6A5C3021E850D9A001F6CD6 = {
			isa = PBXGroup;
			children = (
				F6A5C30D1E850D9A001F6CD6 /* Dummy */,
				862CA12F1E89059400845889 /* DummyTests */,
				F6A5C30C1E850D9A001F6CD6 /* Products */,
			);
			sourceTree = "<group>";
		};
		F6A5C30C1E850D9A001F6CD6 /* Products */ = {
			isa = PBXGroup;
			children = (
				F6A5C30B1E850D9A001F6CD6 /* Dummy.app */,
				862CA12E1E89059400845889 /* DummyTests.xctest */,
				862CA13C1E8905F700845889 /* DummyUITests.xctest */,
			);
			name = Products;
			sourceTree = "<group>";
		};
		F6A5C30D1E850D9A001F6CD6 /* Dummy */ = {
			isa = PBXGroup;
			children = (
				F6A5C30E1E850D9A001F6CD6 /* AppDelegate.swift */,
				F6A5C3101E850D9A001F6CD6 /* ViewController.swift */,
				F6A5C3121E850D9A001F6CD6 /* Main.storyboard */,
				F6A5C3151E850D9A001F6CD6 /* Assets.xcassets */,
				F6A5C3171E850D9A001F6CD6 /* LaunchScreen.storyboard */,
				F6A5C31A1E850D9A001F6CD6 /* Info.plist */,
			);
			path = Dummy;
			sourceTree = "<group>";
		};
/* End PBXGroup section */

/* Begin PBXNativeTarget section */
		862CA12D1E89059400845889 /* DummyTests */ = {
			isa = PBXNativeTarget;
			buildConfigurationList = 862CA1371E89059400845889 /* Build configuration list for PBXNativeTarget "DummyTests" */;
			buildPhases = (
				862CA12A1E89059400845889 /* Sources */,
				862CA12B1E89059400845889 /* Frameworks */,
				862CA12C1E89059400845889 /* Resources */,
			);
			buildRules = (
			);
			dependencies = (
				862CA1341E89059400845889 /* PBXTargetDependency */,
			);
			name = DummyTests;
			productName = DummyTests;
			productReference = 862CA12E1E89059400845889 /* DummyTests.xctest */;
			productType = "com.apple.product-type.bundle.unit-test";
		};
		862CA13B1E8905F700845889 /* DummyUITests */ = {
			isa = PBXNativeTarget;
			buildConfigurationList = 862CA1431E8905F700845889 /* Build configuration list for PBXNativeTarget "DummyUITests" */;
			buildPhases = (
				862CA1381E8905F700845889 /* Sources */,
				862CA1391E8905F700845889 /* Frameworks */,
				862CA13A1E8905F700845889 /* Resources */,
			);
			buildRules = (
			);
			dependencies = (
				862CA1421E8905F700845889 /* PBXTargetDependency */,
			);
			name = DummyUITests;
			productName = DummyUITests;
			productReference = 862CA13C1E8905F700845889 /* DummyUITests.xctest */;
			productType = "com.apple.product-type.bundle.ui-testing";
		};
		F6A5C30A1E850D9A001F6CD6 /* Dummy */ = {
			isa = PBXNativeTarget;
			buildConfigurationList = F6A5C31D1E850D9A001F6CD6 /* Build configuration list for PBXNativeTarget "Dummy" */;
			buildPhases = (
				F6A5C3071E850D9A001F6CD6 /* Sources */,
				F6A5C3081E850D9A001F6CD6 /* Frameworks */,
				F6A5C3091E850D9A001F6CD6 /* Resources */,
			);
			buildRules = (
			);
			dependencies = (
			);
			name = Dummy;
			productName = Dummy;
			productReference = F6A5C30B1E850D9A001F6CD6 /* Dummy.app */;
			productType = "com.apple.product-type.application";
		};
/* End PBXNativeTarget section */

/* Begin PBXProject section */
		F6A5C3031E850D9A001F6CD6 /* Project object */ = {
			isa = PBXProject;
			attributes = {
				LastSwiftUpdateCheck = 0820;
				LastUpgradeCheck = 0820;
				ORGANIZATIONNAME = HSL;
				TargetAttributes = {
					862CA12D1E89059400845889 = {
						CreatedOnToolsVersion = 8.2.1;
						ProvisioningStyle = Automatic;
						TestTargetID = F6A5C30A1E850D9A001F6CD6;
					};
					862CA13B1E8905F700845889 = {
						CreatedOnToolsVersion = 8.2.1;
						ProvisioningStyle = Automatic;
						TestTargetID = F6A5C30A1E850D9A001F6CD6;
					};
					F6A5C30A1E850D9A001F6CD6 = {
						CreatedOnToolsVersion = 8.2.1;
						ProvisioningStyle = Automatic;
					};
				};
			};
			buildConfigurationList = F6A5C3061E850D9A001F6CD6 /* Build configuration list for PBXProject "Dummy" */;
			compatibilityVersion = "Xcode 3.2";
			developmentRegion = English;
			hasScannedForEncodings = 0;
			knownRegions = (
				en,
				Base,
			);
			mainGroup = F6A5C3021E850D9A001F6CD6;
			productRefGroup = F6A5C30C1E850D9A001F6CD6 /* Products */;
			projectDirPath = "";
			projectRoot = "";
			targets = (
				F6A5C30A1E850D9A001F6CD6 /* Dummy */,
				862CA12D1E89059400845889 /* DummyTests */,
				862CA13B1E8905F700845889 /* DummyUITests */,
			);
		};
/* End PBXProject section */

/* Begin PBXResourcesBuildPhase section */
		862CA12C1E89059400845889 /* Resources */ = {
			isa = PBXResourcesBuildPhase;
			buildActionMask = 2147483647;
			files = (
			);
			runOnlyForDeploymentPostprocessing = 0;
		};
		862CA13A1E8905F700845889 /* Resources */ = {
			isa = PBXResourcesBuildPhase;
			buildActionMask = 2147483647;
			files = (
			);
			runOnlyForDeploymentPostprocessing = 0;
		};
		F6A5C3091E850D9A001F6CD6 /* Resources */ = {
			isa = PBXResourcesBuildPhase;
			buildActionMask = 2147483647;
			files = (
				F6A5C3191E850D9A001F6CD6 /* LaunchScreen.storyboard in Resources */,
				F6A5C3161E850D9A001F6CD6 /* Assets.xcassets in Resources */,
				F6A5C3141E850D9A001F6CD6 /* Main.storyboard in Resources */,
			);
			runOnlyForDeploymentPostprocessing = 0;
		};
/* End PBXResourcesBuildPhase section */

/* Begin PBXSourcesBuildPhase section */
		862CA12A1E89059400845889 /* Sources */ = {
			isa = PBXSourcesBuildPhase;
			buildActionMask = 2147483647;
			files = (
				862CA1311E89059400845889 /* DummyTests.swift in Sources */,
			);
			runOnlyForDeploymentPostprocessing = 0;
		};
		862CA1381E8905F700845889 /* Sources */ = {
			isa = PBXSourcesBuildPhase;
			buildActionMask = 2147483647;
			files = (
			);
			runOnlyForDeploymentPostprocessing = 0;
		};
		F6A5C3071E850D9A001F6CD6 /* Sources */ = {
			isa = PBXSourcesBuildPhase;
			buildActionMask = 2147483647;
			files = (
				F6A5C3111E850D9A001F6CD6 /* ViewController.swift in Sources */,
				F6A5C30F1E850D9A001F6CD6 /* AppDelegate.swift in Sources */,
			);
			runOnlyForDeploymentPostprocessing = 0;
		};
/* End PBXSourcesBuildPhase section */

/* Begin PBXTargetDependency section */
		862CA1341E89059400845889 /* PBXTargetDependency */ = {
			isa = PBXTargetDependency;
			target = F6A5C30A1E850D9A001F6CD6 /* Dummy */;
			targetProxy = 862CA1331E89059400845889 /* PBXContainerItemProxy */;
		};
		862CA1421E8905F700845889 /* PBXTargetDependency */ = {
			isa = PBXTargetDependency;
			target = F6A5C30A1E850D9A001F6CD6 /* Dummy */;
			targetProxy = 862CA1411E8905F700845889 /* PBXContainerItemProxy */;
		};
/* End PBXTargetDependency section */

/* Begin PBXVariantGroup section */
		F6A5C3121E850D9A001F6CD6 /* Main.storyboard */ = {
			isa = PBXVariantGroup;
			children = (
				F6A5C3131E850D9A001F6CD6 /* Base */,
			);
			name = Main.storyboard;
			sourceTree = "<group>";
		};
		F6A5C3171E850D9A001F6CD6 /* LaunchScreen.storyboard */ = {
			isa = PBXVariantGroup;
			children = (
				F6A5C3181E850D9A001F6CD6 /* Base */,
			);
			name = LaunchScreen.storyboard;
			sourceTree = "<group>";
		};
/* End PBXVariantGroup section */

/* Begin XCBuildConfiguration section */
		862CA1351E89059400845889 /* Debug */ = {
			isa = XCBuildConfiguration;
			buildSettings = {
				BUNDLE_LOADER = "$(TEST_HOST)";
				INFOPLIST_FILE = DummyTests/Info.plist;
				LD_RUNPATH_SEARCH_PATHS = "$(inherited) @executable_path/Frameworks @loader_path/Frameworks";
				PRODUCT_BUNDLE_IDENTIFIER = SF.DummyTests;
				PRODUCT_NAME = "$(TARGET_NAME)";
				SWIFT_VERSION = 3.0;
				TEST_HOST = "$(BUILT_PRODUCTS_DIR)/Dummy.app/Dummy";
			};
			name = Debug;
		};
		862CA1361E89059400845889 /* Release */ = {
			isa = XCBuildConfiguration;
			buildSettings = {
				BUNDLE_LOADER = "$(TEST_HOST)";
				INFOPLIST_FILE = DummyTests/Info.plist;
				LD_RUNPATH_SEARCH_PATHS = "$(inherited) @executable_path/Frameworks @loader_path/Frameworks";
				PRODUCT_BUNDLE_IDENTIFIER = SF.DummyTests;
				PRODUCT_NAME = "$(TARGET_NAME)";
				SWIFT_VERSION = 3.0;
				TEST_HOST = "$(BUILT_PRODUCTS_DIR)/Dummy.app/Dummy";
			};
			name = Release;
		};
		862CA1441E8905F700845889 /* Debug */ = {
			isa = XCBuildConfiguration;
			buildSettings = {
				INFOPLIST_FILE = DummyUITests/Info.plist;
				LD_RUNPATH_SEARCH_PATHS = "$(inherited) @executable_path/Frameworks @loader_path/Frameworks";
				PRODUCT_BUNDLE_IDENTIFIER = SF.DummyUITests;
				PRODUCT_NAME = "$(TARGET_NAME)";
				SWIFT_VERSION = 3.0;
				TEST_TARGET_NAME = Dummy;
			};
			name = Debug;
		};
		862CA1451E8905F700845889 /* Release */ = {
			isa = XCBuildConfiguration;
			buildSettings = {
				INFOPLIST_FILE = DummyUITests/Info.plist;
				LD_RUNPATH_SEARCH_PATHS = "$(inherited) @executable_path/Frameworks @loader_path/Frameworks";
				PRODUCT_BUNDLE_IDENTIFIER = SF.DummyUITests;
				PRODUCT_NAME = "$(TARGET_NAME)";
				SWIFT_VERSION = 3.0;
				TEST_TARGET_NAME = Dummy;
			};
			name = Release;
		};
		F6A5C31B1E850D9A001F6CD6 /* Debug */ = {
			isa = XCBuildConfiguration;
			buildSettings = {
				ALWAYS_SEARCH_USER_PATHS = NO;
				CLANG_ANALYZER_NONNULL = YES;
				CLANG_CXX_LANGUAGE_STANDARD = "gnu++0x";
				CLANG_CXX_LIBRARY = "libc++";
				CLANG_ENABLE_MODULES = YES;
				CLANG_ENABLE_OBJC_ARC = YES;
				CLANG_WARN_BOOL_CONVERSION = YES;
				CLANG_WARN_CONSTANT_CONVERSION = YES;
				CLANG_WARN_DIRECT_OBJC_ISA_USAGE = YES_ERROR;
				CLANG_WARN_DOCUMENTATION_COMMENTS = YES;
				CLANG_WARN_EMPTY_BODY = YES;
				CLANG_WARN_ENUM_CONVERSION = YES;
				CLANG_WARN_INFINITE_RECURSION = YES;
				CLANG_WARN_INT_CONVERSION = YES;
				CLANG_WARN_OBJC_ROOT_CLASS = YES_ERROR;
				CLANG_WARN_SUSPICIOUS_MOVE = YES;
				CLANG_WARN_UNREACHABLE_CODE = YES;
				CLANG_WARN__DUPLICATE_METHOD_MATCH = YES;
				"CODE_SIGN_IDENTITY[sdk=iphoneos*]" = "iPhone Developer";
				COPY_PHASE_STRIP = NO;
				DEBUG_INFORMATION_FORMAT = dwarf;
				ENABLE_STRICT_OBJC_MSGSEND = YES;
				ENABLE_TESTABILITY = YES;
				GCC_C_LANGUAGE_STANDARD = gnu99;
				GCC_DYNAMIC_NO_PIC = NO;
				GCC_NO_COMMON_BLOCKS = YES;
				GCC_OPTIMIZATION_LEVEL = 0;
				GCC_PREPROCESSOR_DEFINITIONS = (
					"DEBUG=1",
					"$(inherited)",
				);
				GCC_WARN_64_TO_32_BIT_CONVERSION = YES;
				GCC_WARN_ABOUT_RETURN_TYPE = YES_ERROR;
				GCC_WARN_UNDECLARED_SELECTOR = YES;
				GCC_WARN_UNINITIALIZED_AUTOS = YES_AGGRESSIVE;
				GCC_WARN_UNUSED_FUNCTION = YES;
				GCC_WARN_UNUSED_VARIABLE = YES;
				IPHONEOS_DEPLOYMENT_TARGET = 10.2;
				MTL_ENABLE_DEBUG_INFO = YES;
				ONLY_ACTIVE_ARCH = YES;
				SDKROOT = iphoneos;
				SWIFT_ACTIVE_COMPILATION_CONDITIONS = DEBUG;
				SWIFT_OPTIMIZATION_LEVEL = "-Onone";
			};
			name = Debug;
		};
		F6A5C31C1E850D9A001F6CD6 /* Release */ = {
			isa = XCBuildConfiguration;
			buildSettings = {
				ALWAYS_SEARCH_USER_PATHS = NO;
				CLANG_ANALYZER_NONNULL = YES;
				CLANG_CXX_LANGUAGE_STANDARD = "gnu++0x";
				CLANG_CXX_LIBRARY = "libc++";
				CLANG_ENABLE_MODULES = YES;
				CLANG_ENABLE_OBJC_ARC = YES;
				CLANG_WARN_BOOL_CONVERSION = YES;
				CLANG_WARN_CONSTANT_CONVERSION = YES;
				CLANG_WARN_DIRECT_OBJC_ISA_USAGE = YES_ERROR;
				CLANG_WARN_DOCUMENTATION_COMMENTS = YES;
				CLANG_WARN_EMPTY_BODY = YES;
				CLANG_WARN_ENUM_CONVERSION = YES;
				CLANG_WARN_INFINITE_RECURSION = YES;
				CLANG_WARN_INT_CONVERSION = YES;
				CLANG_WARN_OBJC_ROOT_CLASS = YES_ERROR;
				CLANG_WARN_SUSPICIOUS_MOVE = YES;
				CLANG_WARN_UNREACHABLE_CODE = YES;
				CLANG_WARN__DUPLICATE_METHOD_MATCH = YES;
				"CODE_SIGN_IDENTITY[sdk=iphoneos*]" = "iPhone Developer";
				COPY_PHASE_STRIP = NO;
				DEBUG_INFORMATION_FORMAT = "dwarf-with-dsym";
				ENABLE_NS_ASSERTIONS = NO;
				ENABLE_STRICT_OBJC_MSGSEND = YES;
				GCC_C_LANGUAGE_STANDARD = gnu99;
				GCC_NO_COMMON_BLOCKS = YES;
				GCC_WARN_64_TO_32_BIT_CONVERSION = YES;
				GCC_WARN_ABOUT_RETURN_TYPE = YES_ERROR;
				GCC_WARN_UNDECLARED_SELECTOR = YES;
				GCC_WARN_UNINITIALIZED_AUTOS = YES_AGGRESSIVE;
				GCC_WARN_UNUSED_FUNCTION = YES;
				GCC_WARN_UNUSED_VARIABLE = YES;
				IPHONEOS_DEPLOYMENT_TARGET = 10.2;
				MTL_ENABLE_DEBUG_INFO = NO;
				SDKROOT = iphoneos;
				SWIFT_OPTIMIZATION_LEVEL = "-Owholemodule";
				VALIDATE_PRODUCT = YES;
			};
			name = Release;
		};
		F6A5C31E1E850D9A001F6CD6 /* Debug */ = {
			isa = XCBuildConfiguration;
			buildSettings = {
				ASSETCATALOG_COMPILER_APPICON_NAME = AppIcon;
				INFOPLIST_FILE = Dummy/Info.plist;
				LD_RUNPATH_SEARCH_PATHS = "$(inherited) @executable_path/Frameworks";
				PRODUCT_BUNDLE_IDENTIFIER = com.hslc.Dummy;
				PRODUCT_NAME = "$(TARGET_NAME)";
				SWIFT_VERSION = 3.0;
			};
			name = Debug;
		};
		F6A5C31F1E850D9A001F6CD6 /* Release */ = {
			isa = XCBuildConfiguration;
			buildSettings = {
				ASSETCATALOG_COMPILER_APPICON_NAME = AppIcon;
				INFOPLIST_FILE = Dummy/Info.plist;
				LD_RUNPATH_SEARCH_PATHS = "$(inherited) @executable_path/Frameworks";
				PRODUCT_BUNDLE_IDENTIFIER = com.hslc.Dummy;
				PRODUCT_NAME = "$(TARGET_NAME)";
				SWIFT_VERSION = 3.0;
			};
			name = Release;
		};
/* End XCBuildConfiguration section */

/* Begin XCConfigurationList section */
		862CA1371E89059400845889 /* Build configuration list for PBXNativeTarget "DummyTests" */ = {
			isa = XCConfigurationList;
			buildConfigurations = (
				862CA1351E89059400845889 /* Debug */,
				862CA1361E89059400845889 /* Release */,
			);
			defaultConfigurationIsVisible = 0;
		};
		862CA1431E8905F700845889 /* Build configuration list for PBXNativeTarget "DummyUITests" */ = {
			isa = XCConfigurationList;
			buildConfigurations = (
				862CA1441E8905F700845889 /* Debug */,
				862CA1451E8905F700845889 /* Release */,
			);
			defaultConfigurationIsVisible = 0;
		};
		F6A5C3061E850D9A001F6CD6 /* Build configuration list for PBXProject "Dummy" */ = {
			isa = XCConfigurationList;
			buildConfigurations = (
				F6A5C31B1E850D9A001F6CD6 /* Debug */,
				F6A5C31C1E850D9A001F6CD6 /* Release */,
			);
			defaultConfigurationIsVisible = 0;
			defaultConfigurationName = Release;
		};
		F6A5C31D1E850D9A001F6CD6 /* Build configuration list for PBXNativeTarget "Dummy" */ = {
			isa = XCConfigurationList;
			buildConfigurations = (
				F6A5C31E1E850D9A001F6CD6 /* Debug */,
				F6A5C31F1E850D9A001F6CD6 /* Release */,
			);
			defaultConfigurationIsVisible = 0;
			defaultConfigurationName = Release;
		};
/* End XCConfigurationList section */
	};
	rootObject = F6A5C3031E850D9A001F6CD6 /* Project object */;
}
